
Microsoft Visual Studio Solution File, Format Version 12.00
# Visual Studio 14
VisualStudioVersion = 14.0.25420.1
MinimumVisualStudioVersion = 10.0.40219.1
Project("{FAE04EC0-301F-11D3-BF4B-00C04F79EFBC}") = "EQueue.NameServer", "EQueue.NameServer\EQueue.NameServer.csproj", "{D5CFB4A6-8849-40AF-B137-2F52BE0574ED}"
EndProject
Project("{FAE04EC0-301F-11D3-BF4B-00C04F79EFBC}") = "EQueue.BrokerServer", "EQueue.BrokerServer\EQueue.BrokerServer.csproj", "{AD7A7521-2B98-40A2-8345-863E2B64A41E}"
EndProject
Project("{FAE04EC0-301F-11D3-BF4B-00C04F79EFBC}") = "EQueue.AdminWeb", "EQueue.AdminWeb\EQueue.AdminWeb.csproj", "{072D39F7-F6B1-403E-BD9B-A7CDE68E7714}"
EndProject
Global
	GlobalSection(SolutionConfigurationPlatforms) = preSolution
		Debug|Any CPU = Debug|Any CPU
		Release|Any CPU = Release|Any CPU
	EndGlobalSection
	GlobalSection(ProjectConfigurationPlatforms) = postSolution
		{D5CFB4A6-8849-40AF-B137-2F52BE0574ED}.Debug|Any CPU.ActiveCfg = Debug|Any CPU
		{D5CFB4A6-8849-40AF-B137-2F52BE0574ED}.Debug|Any CPU.Build.0 = Debug|Any CPU
		{D5CFB4A6-8849-40AF-B137-2F52BE0574ED}.Release|Any CPU.ActiveCfg = Release|Any CPU
		{D5CFB4A6-8849-40AF-B137-2F52BE0574ED}.Release|Any CPU.Build.0 = Release|Any CPU
		{AD7A7521-2B98-40A2-8345-863E2B64A41E}.Debug|Any CPU.ActiveCfg = Debug|Any CPU
		{AD7A7521-2B98-40A2-8345-863E2B64A41E}.Debug|Any CPU.Build.0 = Debug|Any CPU
		{AD7A7521-2B98-40A2-8345-863E2B64A41E}.Release|Any CPU.ActiveCfg = Release|Any CPU
		{AD7A7521-2B98-40A2-8345-863E2B64A41E}.Release|Any CPU.Build.0 = Release|Any CPU
		{072D39F7-F6B1-403E-BD9B-A7CDE68E7714}.Debug|Any CPU.ActiveCfg = Debug|Any CPU
		{072D39F7-F6B1-403E-BD9B-A7CDE68E7714}.Debug|Any CPU.Build.0 = Debug|Any CPU
		{072D39F7-F6B1-403E-BD9B-A7CDE68E7714}.Release|Any CPU.ActiveCfg = Release|Any CPU
		{072D39F7-F6B1-403E-BD9B-A7CDE68E7714}.Release|Any CPU.Build.0 = Release|Any CPU
	EndGlobalSection
	GlobalSection(SolutionProperties) = preSolution
		HideSolutionNode = FALSE
	EndGlobalSection
EndGlobal
